// !$*UTF8*$!
{
	archiveVersion = 1;
	classes = {
	};
	objectVersion = 50;
	objects = {

/* Begin PBXBuildFile section */
		1CA6568F22258E67000C9651 /* AppDelegate.swift in Sources */ = {isa = PBXBuildFile; fileRef = 1CA6568E22258E67000C9651 /* AppDelegate.swift */; };
		1CA6569122258E67000C9651 /* ViewController.swift in Sources */ = {isa = PBXBuildFile; fileRef = 1CA6569022258E67000C9651 /* ViewController.swift */; };
		1CA6569322258E6A000C9651 /* Assets.xcassets in Resources */ = {isa = PBXBuildFile; fileRef = 1CA6569222258E6A000C9651 /* Assets.xcassets */; };
		1CA6569622258E6A000C9651 /* Main.storyboard in Resources */ = {isa = PBXBuildFile; fileRef = 1CA6569422258E6A000C9651 /* Main.storyboard */; };
		1CA6569F2225907C000C9651 /* FileIO.swift in Sources */ = {isa = PBXBuildFile; fileRef = 1CA6569E2225907C000C9651 /* FileIO.swift */; };
		1CA656A122259315000C9651 /* DrawView.swift in Sources */ = {isa = PBXBuildFile; fileRef = 1CA656A022259315000C9651 /* DrawView.swift */; };
		1CA656A32225939C000C9651 /* Extensions.swift in Sources */ = {isa = PBXBuildFile; fileRef = 1CA656A22225939C000C9651 /* Extensions.swift */; };
		1CDAD4D42225B734009A3D5F /* ObjectModel.swift in Sources */ = {isa = PBXBuildFile; fileRef = 1CDAD4D32225B734009A3D5F /* ObjectModel.swift */; };
/* End PBXBuildFile section */

/* Begin PBXFileReference section */
		1CA6568B22258E67000C9651 /* ClassificationSample.app */ = {isa = PBXFileReference; explicitFileType = wrapper.application; includeInIndex = 0; path = ClassificationSample.app; sourceTree = BUILT_PRODUCTS_DIR; };
		1CA6568E22258E67000C9651 /* AppDelegate.swift */ = {isa = PBXFileReference; lastKnownFileType = sourcecode.swift; path = AppDelegate.swift; sourceTree = "<group>"; };
		1CA6569022258E67000C9651 /* ViewController.swift */ = {isa = PBXFileReference; lastKnownFileType = sourcecode.swift; path = ViewController.swift; sourceTree = "<group>"; };
		1CA6569222258E6A000C9651 /* Assets.xcassets */ = {isa = PBXFileReference; lastKnownFileType = folder.assetcatalog; path = Assets.xcassets; sourceTree = "<group>"; };
		1CA6569522258E6A000C9651 /* Base */ = {isa = PBXFileReference; lastKnownFileType = file.storyboard; name = Base; path = Base.lproj/Main.storyboard; sourceTree = "<group>"; };
		1CA6569722258E6A000C9651 /* Info.plist */ = {isa = PBXFileReference; lastKnownFileType = text.plist.xml; path = Info.plist; sourceTree = "<group>"; };
		1CA6569822258E6A000C9651 /* ClassificationSample.entitlements */ = {isa = PBXFileReference; lastKnownFileType = text.plist.entitlements; path = ClassificationSample.entitlements; sourceTree = "<group>"; };
		1CA6569E2225907C000C9651 /* FileIO.swift */ = {isa = PBXFileReference; lastKnownFileType = sourcecode.swift; path = FileIO.swift; sourceTree = "<group>"; };
		1CA656A022259315000C9651 /* DrawView.swift */ = {isa = PBXFileReference; lastKnownFileType = sourcecode.swift; path = DrawView.swift; sourceTree = "<group>"; };
		1CA656A22225939C000C9651 /* Extensions.swift */ = {isa = PBXFileReference; lastKnownFileType = sourcecode.swift; path = Extensions.swift; sourceTree = "<group>"; };
		1CDAD4D32225B734009A3D5F /* ObjectModel.swift */ = {isa = PBXFileReference; fileEncoding = 4; lastKnownFileType = sourcecode.swift; path = ObjectModel.swift; sourceTree = "<group>"; };
/* End PBXFileReference section */

/* Begin PBXFrameworksBuildPhase section */
		1CA6568822258E67000C9651 /* Frameworks */ = {
			isa = PBXFrameworksBuildPhase;
			buildActionMask = 2147483647;
			files = (
			);
			runOnlyForDeploymentPostprocessing = 0;
		};
/* End PBXFrameworksBuildPhase section */

/* Begin PBXGroup section */
		1CA6568222258E67000C9651 = {
			isa = PBXGroup;
			children = (
				1CA6568D22258E67000C9651 /* ClassificationSample */,
				1CA6568C22258E67000C9651 /* Products */,
			);
			sourceTree = "<group>";
		};
		1CA6568C22258E67000C9651 /* Products */ = {
			isa = PBXGroup;
			children = (
				1CA6568B22258E67000C9651 /* ClassificationSample.app */,
			);
			name = Products;
			sourceTree = "<group>";
		};
		1CA6568D22258E67000C9651 /* ClassificationSample */ = {
			isa = PBXGroup;
			children = (
				1CA656A22225939C000C9651 /* Extensions.swift */,
				1CA6569E2225907C000C9651 /* FileIO.swift */,
				1CDAD4D32225B734009A3D5F /* ObjectModel.swift */,
				1CA6568E22258E67000C9651 /* AppDelegate.swift */,
				1CA6569022258E67000C9651 /* ViewController.swift */,
				1CA656A022259315000C9651 /* DrawView.swift */,
				1CA6569222258E6A000C9651 /* Assets.xcassets */,
				1CA6569422258E6A000C9651 /* Main.storyboard */,
				1CA6569722258E6A000C9651 /* Info.plist */,
				1CA6569822258E6A000C9651 /* ClassificationSample.entitlements */,
			);
			path = ClassificationSample;
			sourceTree = "<group>";
		};
/* End PBXGroup section */

/* Begin PBXNativeTarget section */
		1CA6568A22258E67000C9651 /* ClassificationSample */ = {
			isa = PBXNativeTarget;
			buildConfigurationList = 1CA6569B22258E6A000C9651 /* Build configuration list for PBXNativeTarget "ClassificationSample" */;
			buildPhases = (
				1CA6568722258E67000C9651 /* Sources */,
				1CA6568822258E67000C9651 /* Frameworks */,
				1CA6568922258E67000C9651 /* Resources */,
			);
			buildRules = (
			);
			dependencies = (
			);
			name = ClassificationSample;
			productName = ClassificationSample;
			productReference = 1CA6568B22258E67000C9651 /* ClassificationSample.app */;
			productType = "com.apple.product-type.application";
		};
/* End PBXNativeTarget section */

/* Begin PBXProject section */
		1CA6568322258E67000C9651 /* Project object */ = {
			isa = PBXProject;
			attributes = {
				LastSwiftUpdateCheck = 1010;
				LastUpgradeCheck = 1010;
				ORGANIZATIONNAME = "Takuto Nakamura";
				TargetAttributes = {
					1CA6568A22258E67000C9651 = {
						CreatedOnToolsVersion = 10.1;
						SystemCapabilities = {
							com.apple.Sandbox = {
								enabled = 0;
							};
						};
					};
				};
			};
			buildConfigurationList = 1CA6568622258E67000C9651 /* Build configuration list for PBXProject "ClassificationSample" */;
			compatibilityVersion = "Xcode 9.3";
			developmentRegion = en;
			hasScannedForEncodings = 0;
			knownRegions = (
				en,
				Base,
			);
			mainGroup = 1CA6568222258E67000C9651;
			productRefGroup = 1CA6568C22258E67000C9651 /* Products */;
			projectDirPath = "";
			projectRoot = "";
			targets = (
				1CA6568A22258E67000C9651 /* ClassificationSample */,
			);
		};
/* End PBXProject section */

/* Begin PBXResourcesBuildPhase section */
		1CA6568922258E67000C9651 /* Resources */ = {
			isa = PBXResourcesBuildPhase;
			buildActionMask = 2147483647;
			files = (
				1CA6569322258E6A000C9651 /* Assets.xcassets in Resources */,
				1CA6569622258E6A000C9651 /* Main.storyboard in Resources */,
			);
			runOnlyForDeploymentPostprocessing = 0;
		};
/* End PBXResourcesBuildPhase section */

/* Begin PBXSourcesBuildPhase section */
		1CA6568722258E67000C9651 /* Sources */ = {
			isa = PBXSourcesBuildPhase;
			buildActionMask = 2147483647;
			files = (
				1CA656A32225939C000C9651 /* Extensions.swift in Sources */,
				1CA6569F2225907C000C9651 /* FileIO.swift in Sources */,
				1CA6569122258E67000C9651 /* ViewController.swift in Sources */,
				1CA656A122259315000C9651 /* DrawView.swift in Sources */,
				1CDAD4D42225B734009A3D5F /* ObjectModel.swift in Sources */,
				1CA6568F22258E67000C9651 /* AppDelegate.swift in Sources */,
			);
			runOnlyForDeploymentPostprocessing = 0;
		};
/* End PBXSourcesBuildPhase section */

/* Begin PBXVariantGroup section */
		1CA6569422258E6A000C9651 /* Main.storyboard */ = {
			isa = PBXVariantGroup;
			children = (
				1CA6569522258E6A000C9651 /* Base */,
			);
			name = Main.storyboard;
			sourceTree = "<group>";
		};
/* End PBXVariantGroup section */

/* Begin XCBuildConfiguration section */
		1CA6569922258E6A000C9651 /* Debug */ = {
			isa = XCBuildConfiguration;
			buildSettings = {
				ALWAYS_SEARCH_USER_PATHS = NO;
				CLANG_ANALYZER_NONNULL = YES;
				CLANG_ANALYZER_NUMBER_OBJECT_CONVERSION = YES_AGGRESSIVE;
				CLANG_CXX_LANGUAGE_STANDARD = "gnu++14";
				CLANG_CXX_LIBRARY = "libc++";
				CLANG_ENABLE_MODULES = YES;
				CLANG_ENABLE_OBJC_ARC = YES;
				CLANG_ENABLE_OBJC_WEAK = YES;
				CLANG_WARN_BLOCK_CAPTURE_AUTORELEASING = YES;
				CLANG_WARN_BOOL_CONVERSION = YES;
				CLANG_WARN_COMMA = YES;
				CLANG_WARN_CONSTANT_CONVERSION = YES;
				CLANG_WARN_DEPRECATED_OBJC_IMPLEMENTATIONS = YES;
				CLANG_WARN_DIRECT_OBJC_ISA_USAGE = YES_ERROR;
				CLANG_WARN_DOCUMENTATION_COMMENTS = YES;
				CLANG_WARN_EMPTY_BODY = YES;
				CLANG_WARN_ENUM_CONVERSION = YES;
				CLANG_WARN_INFINITE_RECURSION = YES;
				CLANG_WARN_INT_CONVERSION = YES;
				CLANG_WARN_NON_LITERAL_NULL_CONVERSION = YES;
				CLANG_WARN_OBJC_IMPLICIT_RETAIN_SELF = YES;
				CLANG_WARN_OBJC_LITERAL_CONVERSION = YES;
				CLANG_WARN_OBJC_ROOT_CLASS = YES_ERROR;
				CLANG_WARN_RANGE_LOOP_ANALYSIS = YES;
				CLANG_WARN_STRICT_PROTOTYPES = YES;
				CLANG_WARN_SUSPICIOUS_MOVE = YES;
				CLANG_WARN_UNGUARDED_AVAILABILITY = YES_AGGRESSIVE;
				CLANG_WARN_UNREACHABLE_CODE = YES;
				CLANG_WARN__DUPLICATE_METHOD_MATCH = YES;
				CODE_SIGN_IDENTITY = "Mac Developer";
				COPY_PHASE_STRIP = NO;
				DEBUG_INFORMATION_FORMAT = dwarf;
				ENABLE_STRICT_OBJC_MSGSEND = YES;
				ENABLE_TESTABILITY = YES;
				GCC_C_LANGUAGE_STANDARD = gnu11;
				GCC_DYNAMIC_NO_PIC = NO;
				GCC_NO_COMMON_BLOCKS = YES;
				GCC_OPTIMIZATION_LEVEL = 0;
				GCC_PREPROCESSOR_DEFINITIONS = (
					"DEBUG=1",
					"$(inherited)",
				);
				GCC_WARN_64_TO_32_BIT_CONVERSION = YES;
				GCC_WARN_ABOUT_RETURN_TYPE = YES_ERROR;
				GCC_WARN_UNDECLARED_SELECTOR = YES;
				GCC_WARN_UNINITIALIZED_AUTOS = YES_AGGRESSIVE;
				GCC_WARN_UNUSED_FUNCTION = YES;
				GCC_WARN_UNUSED_VARIABLE = YES;
				MACOSX_DEPLOYMENT_TARGET = 10.14;
				MTL_ENABLE_DEBUG_INFO = INCLUDE_SOURCE;
				MTL_FAST_MATH = YES;
				ONLY_ACTIVE_ARCH = YES;
				SDKROOT = macosx;
				SWIFT_ACTIVE_COMPILATION_CONDITIONS = DEBUG;
				SWIFT_OPTIMIZATION_LEVEL = "-Onone";
			};
			name = Debug;
		};
		1CA6569A22258E6A000C9651 /* Release */ = {
			isa = XCBuildConfiguration;
			buildSettings = {
				ALWAYS_SEARCH_USER_PATHS = NO;
				CLANG_ANALYZER_NONNULL = YES;
				CLANG_ANALYZER_NUMBER_OBJECT_CONVERSION = YES_AGGRESSIVE;
				CLANG_CXX_LANGUAGE_STANDARD = "gnu++14";
				CLANG_CXX_LIBRARY = "libc++";
				CLANG_ENABLE_MODULES = YES;
				CLANG_ENABLE_OBJC_ARC = YES;
				CLANG_ENABLE_OBJC_WEAK = YES;
				CLANG_WARN_BLOCK_CAPTURE_AUTORELEASING = YES;
				CLANG_WARN_BOOL_CONVERSION = YES;
				CLANG_WARN_COMMA = YES;
				CLANG_WARN_CONSTANT_CONVERSION = YES;
				CLANG_WARN_DEPRECATED_OBJC_IMPLEMENTATIONS = YES;
				CLANG_WARN_DIRECT_OBJC_ISA_USAGE = YES_ERROR;
				CLANG_WARN_DOCUMENTATION_COMMENTS = YES;
				CLANG_WARN_EMPTY_BODY = YES;
				CLANG_WARN_ENUM_CONVERSION = YES;
				CLANG_WARN_INFINITE_RECURSION = YES;
				CLANG_WARN_INT_CONVERSION = YES;
				CLANG_WARN_NON_LITERAL_NULL_CONVERSION = YES;
				CLANG_WARN_OBJC_IMPLICIT_RETAIN_SELF = YES;
				CLANG_WARN_OBJC_LITERAL_CONVERSION = YES;
				CLANG_WARN_OBJC_ROOT_CLASS = YES_ERROR;
				CLANG_WARN_RANGE_LOOP_ANALYSIS = YES;
				CLANG_WARN_STRICT_PROTOTYPES = YES;
				CLANG_WARN_SUSPICIOUS_MOVE = YES;
				CLANG_WARN_UNGUARDED_AVAILABILITY = YES_AGGRESSIVE;
				CLANG_WARN_UNREACHABLE_CODE = YES;
				CLANG_WARN__DUPLICATE_METHOD_MATCH = YES;
				CODE_SIGN_IDENTITY = "Mac Developer";
				COPY_PHASE_STRIP = NO;
				DEBUG_INFORMATION_FORMAT = "dwarf-with-dsym";
				ENABLE_NS_ASSERTIONS = NO;
				ENABLE_STRICT_OBJC_MSGSEND = YES;
				GCC_C_LANGUAGE_STANDARD = gnu11;
				GCC_NO_COMMON_BLOCKS = YES;
				GCC_WARN_64_TO_32_BIT_CONVERSION = YES;
				GCC_WARN_ABOUT_RETURN_TYPE = YES_ERROR;
				GCC_WARN_UNDECLARED_SELECTOR = YES;
				GCC_WARN_UNINITIALIZED_AUTOS = YES_AGGRESSIVE;
				GCC_WARN_UNUSED_FUNCTION = YES;
				GCC_WARN_UNUSED_VARIABLE = YES;
				MACOSX_DEPLOYMENT_TARGET = 10.14;
				MTL_ENABLE_DEBUG_INFO = NO;
				MTL_FAST_MATH = YES;
				SDKROOT = macosx;
				SWIFT_COMPILATION_MODE = wholemodule;
				SWIFT_OPTIMIZATION_LEVEL = "-O";
			};
			name = Release;
		};
		1CA6569C22258E6A000C9651 /* Debug */ = {
			isa = XCBuildConfiguration;
			buildSettings = {
				ASSETCATALOG_COMPILER_APPICON_NAME = AppIcon;
				CODE_SIGN_STYLE = Automatic;
				COMBINE_HIDPI_IMAGES = YES;
				DEVELOPMENT_TEAM = VJ5N2X84K8;
				INFOPLIST_FILE = ClassificationSample/Info.plist;
				LD_RUNPATH_SEARCH_PATHS = (
					"$(inherited)",
					"@executable_path/../Frameworks",
				);
				PRODUCT_BUNDLE_IDENTIFIER = com.kyome.ClassificationSample;
				PRODUCT_NAME = "$(TARGET_NAME)";
				SWIFT_VERSION = 4.2;
			};
			name = Debug;
		};
		1CA6569D22258E6A000C9651 /* Release */ = {
			isa = XCBuildConfiguration;
			buildSettings = {
				ASSETCATALOG_COMPILER_APPICON_NAME = AppIcon;
				CODE_SIGN_STYLE = Automatic;
				COMBINE_HIDPI_IMAGES = YES;
				DEVELOPMENT_TEAM = VJ5N2X84K8;
				INFOPLIST_FILE = ClassificationSample/Info.plist;
				LD_RUNPATH_SEARCH_PATHS = (
					"$(inherited)",
					"@executable_path/../Frameworks",
				);
				PRODUCT_BUNDLE_IDENTIFIER = com.kyome.ClassificationSample;
				PRODUCT_NAME = "$(TARGET_NAME)";
				SWIFT_VERSION = 4.2;
			};
			name = Release;
		};
/* End XCBuildConfiguration section */

/* Begin XCConfigurationList section */
		1CA6568622258E67000C9651 /* Build configuration list for PBXProject "ClassificationSample" */ = {
			isa = XCConfigurationList;
			buildConfigurations = (
				1CA6569922258E6A000C9651 /* Debug */,
				1CA6569A22258E6A000C9651 /* Release */,
			);
			defaultConfigurationIsVisible = 0;
			defaultConfigurationName = Release;
		};
		1CA6569B22258E6A000C9651 /* Build configuration list for PBXNativeTarget "ClassificationSample" */ = {
			isa = XCConfigurationList;
			buildConfigurations = (
				1CA6569C22258E6A000C9651 /* Debug */,
				1CA6569D22258E6A000C9651 /* Release */,
			);
			defaultConfigurationIsVisible = 0;
			defaultConfigurationName = Release;
		};
/* End XCConfigurationList section */
	};
	rootObject = 1CA6568322258E67000C9651 /* Project object */;
}
